<Solution>
  <Project Path="Cristal/Cristal.csproj" />
  <Project Path="CristalLab/CristalLab.csproj" Id="acb7047f-5077-4207-9ae9-377950b144a7">
    <Platform Project="x64" />
    <Deploy />
  </Project>
  <Project Path="CristalSandbox/CristalSandbox.csproj" />
  <Project Path="MonoCristal/MonoCristal.csproj" />
</Solution>
