<Solution>
  <Project Path="Cristal/Cristal.csproj" />
  <Project Path="CristalDesigner/CristalDesigner.csproj" Id="307de50f-853b-46cd-9605-4baa3690bfac" />
  <Project Path="CristalSandbox/CristalSandbox.csproj" />
  <Project Path="CristalTest/CristalTest.csproj" />
  <Project Path="MonoCristal/MonoCristal.csproj" />
</Solution>
